
Microsoft Visual Studio Solution File, Format Version 12.00
# Visual Studio 15
VisualStudioVersion = 15.0.28307.757
MinimumVisualStudioVersion = 10.0.40219.1
Project("{8BC9CEB8-8B4A-11D0-8D11-00A0C91BC942}") = "MathSolutions", "MathSolutions\MathSolutions.vcxproj", "{AE718453-4C33-4862-A2D1-9E083C7B7918}"
EndProject
Global
	GlobalSection(SolutionConfigurationPlatforms) = preSolution
		Debug|x64 = Debug|x64
		Debug|x86 = Debug|x86
		Release|x64 = Release|x64
		Release|x86 = Release|x86
	EndGlobalSection
	GlobalSection(ProjectConfigurationPlatforms) = postSolution
		{AE718453-4C33-4862-A2D1-9E083C7B7918}.Debug|x64.ActiveCfg = Debug|x64
		{AE718453-4C33-4862-A2D1-9E083C7B7918}.Debug|x64.Build.0 = Debug|x64
		{AE718453-4C33-4862-A2D1-9E083C7B7918}.Debug|x86.ActiveCfg = Debug|Win32
		{AE718453-4C33-4862-A2D1-9E083C7B7918}.Debug|x86.Build.0 = Debug|Win32
		{AE718453-4C33-4862-A2D1-9E083C7B7918}.Release|x64.ActiveCfg = Release|x64
		{AE718453-4C33-4862-A2D1-9E083C7B7918}.Release|x64.Build.0 = Release|x64
		{AE718453-4C33-4862-A2D1-9E083C7B7918}.Release|x86.ActiveCfg = Release|Win32
		{AE718453-4C33-4862-A2D1-9E083C7B7918}.Release|x86.Build.0 = Release|Win32
	EndGlobalSection
	GlobalSection(SolutionProperties) = preSolution
		HideSolutionNode = FALSE
	EndGlobalSection
	GlobalSection(ExtensibilityGlobals) = postSolution
		SolutionGuid = {5F5FD3E7-40A6-4FD6-9CF9-F22E59E31119}
	EndGlobalSection
EndGlobal
